
Microsoft Visual Studio Solution File, Format Version 12.00
# Visual Studio 15
VisualStudioVersion = 15.0.27004.2002
MinimumVisualStudioVersion = 10.0.40219.1
Project("{FAE04EC0-301F-11D3-BF4B-00C04F79EFBC}") = "Analizator", "Analizator\Analizator.csproj", "{384F24D2-98EA-430F-A9C4-358A7E025FA6}"
EndProject
Global
	GlobalSection(SolutionConfigurationPlatforms) = preSolution
		Debug|Any CPU = Debug|Any CPU
		Release|Any CPU = Release|Any CPU
	EndGlobalSection
	GlobalSection(ProjectConfigurationPlatforms) = postSolution
		{384F24D2-98EA-430F-A9C4-358A7E025FA6}.Debug|Any CPU.ActiveCfg = Debug|Any CPU
		{384F24D2-98EA-430F-A9C4-358A7E025FA6}.Debug|Any CPU.Build.0 = Debug|Any CPU
		{384F24D2-98EA-430F-A9C4-358A7E025FA6}.Release|Any CPU.ActiveCfg = Release|Any CPU
		{384F24D2-98EA-430F-A9C4-358A7E025FA6}.Release|Any CPU.Build.0 = Release|Any CPU
	EndGlobalSection
	GlobalSection(SolutionProperties) = preSolution
		HideSolutionNode = FALSE
	EndGlobalSection
	GlobalSection(ExtensibilityGlobals) = postSolution
		SolutionGuid = {BCCBE1BE-A5E1-4247-9E39-618DC26626C2}
	EndGlobalSection
EndGlobal
